{
  "name": "kaka-contract-realtime-worker",
  "version": "650.8.15.157",
  "lockfileVersion": 3,
  "requires": true,
  "packages": {
    "": {
      "name": "kaka-contract-realtime-worker",
      "version": "650.8.15.157",
      "dependencies": {
        "ws": "^8.18.0"
      },
      "description": "KakaWeb3 Step1026 all-asset official market ticker/orderbook/trades/rules/status/trading-hours shared layer + all-asset Kline",
      "scripts": {
        "start": "node src/proxy.mjs",
        "check": "node --check src/proxy.mjs && node --check src/server.mjs && node --check src/market-rest.mjs && node --check src/binance-rest-guard.mjs && node --check src/binance-contract-kline-relay.mjs && node --check src/binance-contract-market.mjs && node --check src/binance-contract-kline-seed.mjs && node --check src/contract-flow.mjs && node --check src/contract-funding.mjs && node --check src/contract-depth.mjs && node --check src/contract-liquidation.mjs && node --check src/spot-current-snapshot.mjs && node --check src/spot-flow-history.mjs && node --check src/spot-flow-snapshot.mjs && node --check src/spot-exact-ticker.mjs && node --check src/bybit-second-history.mjs && node --check src/cme-expiry-shared-calendar.mjs && node --check src/market-light-snapshot.mjs && node --check src/contract-basis.mjs && node --check src/contract-focus-pool.mjs && node --check src/contract-deep-shared.mjs && node --check src/contract-rpi-shared.mjs && node --check src/source-capability-registry.mjs && node --check src/binance-advanced-stats.mjs && node --check src/bitget-advanced-stats.mjs && node --check src/gate-advanced-stats.mjs && node --check src/okx-advanced-stats.mjs && node --check src/isolated-collector-worker.mjs && node --check src/collector-isolation.mjs && node --check src/market-light-bridge.mjs && node --check src/liquidation-bridge.mjs && node --check src/deep-market-bridge.mjs && node --check src/slow-stats-bridge.mjs && node --check src/market-light-bridge-projection.mjs && node --check src/business-source-policy.mjs && node --check src/derivatives-public.mjs && node --check src/hot-score-metrics.mjs && node --check src/history-lifecycle.mjs && node --check src/exchange-asset-kline.mjs && node --check src/exchange-asset-market.mjs",
        "test:step781.2.5": "node tests/step781_2_5_selftest.mjs",
        "test:step781.2.6": "node tests/step781_2_6_selftest.mjs",
        "test:step781.2.7": "node tests/step781_2_7_selftest.mjs",
        "test:step781.2.8": "node tests/step781_2_8_selftest.mjs",
        "test:step781.2.9": "node tests/step781_2_9_selftest.mjs",
        "test:step781.2.10": "node tests/step781_2_10_selftest.mjs",
        "test:step784": "node tests/step784_selftest.mjs",
        "test:step786.1": "node tests/step786_1_selftest.mjs",
        "test:step786.2": "node tests/step786_2_selftest.mjs",
        "test:step786.3": "node tests/step786_3_selftest.mjs",
        "test:step787.1": "node tests/step787_1_selftest.mjs",
        "test:step787.1.1": "node tests/step787_1_1_selftest.mjs",
        "test:step788.1": "node tests/step788_1_selftest.mjs",
        "test:step788.1.2": "node tests/step788_1_2_selftest.mjs",
        "test:step788.1.2.1": "node tests/step788_1_2_1_selftest.mjs",
        "test:step980.6.3": "node tests/step980_6_3_selftest.mjs",
        "test:step980.6.3.4": "node tests/step980_6_3_4_selftest.mjs",
        "test:step1023": "node tests/step1023_selftest.mjs",
        "test:step1024": "node tests/step1024_selftest.mjs",
        "test:step1026.asset-market": "node tests/step1026_asset_market_selftest.mjs"
      }
    },
    "node_modules/ws": {
      "version": "8.21.1",
      "resolved": "https://packages.applied-caas-gateway1.internal.api.openai.org/artifactory/api/npm/npm-public/ws/-/ws-8.21.1.tgz",
      "integrity": "sha512-+0NTnW77fFN/DjQi6k/Sq/Yvk4Sgajw7urW8V+asjXnRgDs9gyGkdb7EzgfhA4goXsRIZKE28fzIXBHEzhuiWw==",
      "engines": {
        "node": ">=10.0.0"
      },
      "peerDependencies": {
        "bufferutil": "^4.0.1",
        "utf-8-validate": ">=5.0.2"
      },
      "peerDependenciesMeta": {
        "bufferutil": {
          "optional": true
        },
        "utf-8-validate": {
          "optional": true
        }
      }
    }
  }
}
